{
  "version": 4,
  "terraform_version": "1.12.0",
  "serial": 3,
  "lineage": "70ebe72a-ac52-428a-f805-a0aa2367ecb7",
  "outputs": {
    "kubeconfig": {
      "value": "apiVersion: v1\nclusters:\n- name: \"hierphant-test-cluster\"\n  cluster:\n    certificate-authority-data: LS0tLS1CRUdJTiBDRVJUSUZJQ0FURS0tLS0tCk1JSUJXekNDQVFHZ0F3SUJBZ0lCQURBS0JnZ3Foa2pPUFFRREFqQVZNUk13RVFZRFZRUURFd3ByZFdKbGNtNWwKZEdWek1CNFhEVEkyTURVeU1URXlNekV6TVZvWERUTTJNRFV5TVRFeU16RXpNVm93RlRFVE1CRUdBMVVFQXhNSwphM1ZpWlhKdVpYUmxjekJaTUJNR0J5cUdTTTQ5QWdFR0NDcUdTTTQ5QXdFSEEwSUFCRkFIYWdtaXZTOWxKWFcxCmdCSy95M2FPZlY4ZXlObVZGNFhkTFZhcTR1OXd0NXRMQUFHdTdNYmplZnVDT0ladGd0Y2dncElOWUp0N1JrOFMKTzBqU1c4S2pRakJBTUE0R0ExVWREd0VCL3dRRUF3SUNwREFQQmdOVkhSTUJBZjhFQlRBREFRSC9NQjBHQTFVZApEZ1FXQkJTS3NPL09yS3hmQTFSaGxXUmE5R1dncHcxb1dUQUtCZ2dxaGtqT1BRUURBZ05JQURCRkFpRUE2NU5vCmFaZGExNjVnL0RtL0dYME93TkF6cUk3MWhWVTdrc1lGczE2SmpHb0NJSDcvYUhpSWpqcVZkcE1qY1l6UWtxa1MKZE9YUnIyZWJscHhJbW4wOG9EVVUKLS0tLS1FTkQgQ0VSVElGSUNBVEUtLS0tLQo=\n    server: https://bc3745f8-4fe3-4883-af9d-3095d1a6939a.api.k8s.fr-par.scw.cloud:6443\ncontexts:\n- name: admin@hierphant-test-cluster\n  context:\n    cluster: \"hierphant-test-cluster\"\n    user: hierphant-test-cluster-admin\ncurrent-context: admin@hierphant-test-cluster\nkind: Config\npreferences: {}\nusers:\n- name: hierphant-test-cluster-admin\n  user:\n    token: 8YXM5uBAkKfyed1Xc8nRlNU6zxQFMLHmjNh8SSJpcy0hKod7fDNWUnNr",
      "type": "string",
      "sensitive": true
    }
  },
  "resources": [
    {
      "mode": "managed",
      "type": "scaleway_k8s_cluster",
      "name": "main",
      "provider": "provider[\"registry.opentofu.org/scaleway/scaleway\"]",
      "instances": [
        {
          "schema_version": 0,
          "attributes": {
            "admission_plugins": [],
            "apiserver_cert_sans": [],
            "apiserver_url": "https://bc3745f8-4fe3-4883-af9d-3095d1a6939a.api.k8s.fr-par.scw.cloud:6443",
            "auto_upgrade": [
              {
                "enable": false,
                "maintenance_window_day": "any",
                "maintenance_window_start_hour": 0
              }
            ],
            "autoscaler_config": [
              {
                "balance_similar_node_groups": false,
                "disable_scale_down": false,
                "estimator": "binpacking",
                "expander": "random",
                "expendable_pods_priority_cutoff": 0,
                "ignore_daemonsets_utilization": false,
                "max_graceful_termination_sec": 0,
                "scale_down_delay_after_add": "10m",
                "scale_down_unneeded_time": "10m",
                "scale_down_utilization_threshold": 0.5
              }
            ],
            "cni": "cilium",
            "created_at": "2026-05-22T12:31:31Z",
            "delete_additional_resources": true,
            "description": "",
            "feature_gates": [],
            "id": "fr-par/bc3745f8-4fe3-4883-af9d-3095d1a6939a",
            "kubeconfig": [
              {
                "cluster_ca_certificate": "LS0tLS1CRUdJTiBDRVJUSUZJQ0FURS0tLS0tCk1JSUJXekNDQVFHZ0F3SUJBZ0lCQURBS0JnZ3Foa2pPUFFRREFqQVZNUk13RVFZRFZRUURFd3ByZFdKbGNtNWwKZEdWek1CNFhEVEkyTURVeU1URXlNekV6TVZvWERUTTJNRFV5TVRFeU16RXpNVm93RlRFVE1CRUdBMVVFQXhNSwphM1ZpWlhKdVpYUmxjekJaTUJNR0J5cUdTTTQ5QWdFR0NDcUdTTTQ5QXdFSEEwSUFCRkFIYWdtaXZTOWxKWFcxCmdCSy95M2FPZlY4ZXlObVZGNFhkTFZhcTR1OXd0NXRMQUFHdTdNYmplZnVDT0ladGd0Y2dncElOWUp0N1JrOFMKTzBqU1c4S2pRakJBTUE0R0ExVWREd0VCL3dRRUF3SUNwREFQQmdOVkhSTUJBZjhFQlRBREFRSC9NQjBHQTFVZApEZ1FXQkJTS3NPL09yS3hmQTFSaGxXUmE5R1dncHcxb1dUQUtCZ2dxaGtqT1BRUURBZ05JQURCRkFpRUE2NU5vCmFaZGExNjVnL0RtL0dYME93TkF6cUk3MWhWVTdrc1lGczE2SmpHb0NJSDcvYUhpSWpqcVZkcE1qY1l6UWtxa1MKZE9YUnIyZWJscHhJbW4wOG9EVVUKLS0tLS1FTkQgQ0VSVElGSUNBVEUtLS0tLQo=",
                "config_file": "apiVersion: v1\nclusters:\n- name: \"hierphant-test-cluster\"\n  cluster:\n    certificate-authority-data: LS0tLS1CRUdJTiBDRVJUSUZJQ0FURS0tLS0tCk1JSUJXekNDQVFHZ0F3SUJBZ0lCQURBS0JnZ3Foa2pPUFFRREFqQVZNUk13RVFZRFZRUURFd3ByZFdKbGNtNWwKZEdWek1CNFhEVEkyTURVeU1URXlNekV6TVZvWERUTTJNRFV5TVRFeU16RXpNVm93RlRFVE1CRUdBMVVFQXhNSwphM1ZpWlhKdVpYUmxjekJaTUJNR0J5cUdTTTQ5QWdFR0NDcUdTTTQ5QXdFSEEwSUFCRkFIYWdtaXZTOWxKWFcxCmdCSy95M2FPZlY4ZXlObVZGNFhkTFZhcTR1OXd0NXRMQUFHdTdNYmplZnVDT0ladGd0Y2dncElOWUp0N1JrOFMKTzBqU1c4S2pRakJBTUE0R0ExVWREd0VCL3dRRUF3SUNwREFQQmdOVkhSTUJBZjhFQlRBREFRSC9NQjBHQTFVZApEZ1FXQkJTS3NPL09yS3hmQTFSaGxXUmE5R1dncHcxb1dUQUtCZ2dxaGtqT1BRUURBZ05JQURCRkFpRUE2NU5vCmFaZGExNjVnL0RtL0dYME93TkF6cUk3MWhWVTdrc1lGczE2SmpHb0NJSDcvYUhpSWpqcVZkcE1qY1l6UWtxa1MKZE9YUnIyZWJscHhJbW4wOG9EVVUKLS0tLS1FTkQgQ0VSVElGSUNBVEUtLS0tLQo=\n    server: https://bc3745f8-4fe3-4883-af9d-3095d1a6939a.api.k8s.fr-par.scw.cloud:6443\ncontexts:\n- name: admin@hierphant-test-cluster\n  context:\n    cluster: \"hierphant-test-cluster\"\n    user: hierphant-test-cluster-admin\ncurrent-context: admin@hierphant-test-cluster\nkind: Config\npreferences: {}\nusers:\n- name: hierphant-test-cluster-admin\n  user:\n    token: 8YXM5uBAkKfyed1Xc8nRlNU6zxQFMLHmjNh8SSJpcy0hKod7fDNWUnNr",
                "host": "https://bc3745f8-4fe3-4883-af9d-3095d1a6939a.api.k8s.fr-par.scw.cloud:6443",
                "token": "8YXM5uBAkKfyed1Xc8nRlNU6zxQFMLHmjNh8SSJpcy0hKod7fDNWUnNr"
              }
            ],
            "name": "hierphant-test-cluster",
            "open_id_connect_config": [
              {
                "client_id": "",
                "groups_claim": [],
                "groups_prefix": "",
                "issuer_url": "",
                "required_claim": [],
                "username_claim": "",
                "username_prefix": ""
              }
            ],
            "organization_id": "e35cae8d-347b-4cf4-9fca-b69290fabfd4",
            "pod_cidr": "100.64.0.0/15",
            "private_network_id": "331fbe7f-fd01-4ee2-b5ec-220f7824d0d7",
            "project_id": "e35cae8d-347b-4cf4-9fca-b69290fabfd4",
            "region": "fr-par",
            "service_cidr": "10.32.0.0/20",
            "service_dns_ip": "10.32.0.10",
            "status": "ready",
            "tags": [],
            "timeouts": null,
            "type": "kapsule",
            "updated_at": "2026-05-22T12:32:59Z",
            "upgrade_available": true,
            "version": "1.32.3",
            "wildcard_dns": "*.bc3745f8-4fe3-4883-af9d-3095d1a6939a.nodes.k8s.fr-par.scw.cloud"
          },
          "sensitive_attributes": [
            [
              {
                "type": "get_attr",
                "value": "kubeconfig"
              }
            ]
          ],
          "private": "eyJlMmJmYjczMC1lY2FhLTExZTYtOGY4OC0zNDM2M2JjN2M0YzAiOnsiY3JlYXRlIjo5MDAwMDAwMDAwMDAsImRlZmF1bHQiOjkwMDAwMDAwMDAwMCwiZGVsZXRlIjo5MDAwMDAwMDAwMDAsInJlYWQiOjkwMDAwMDAwMDAwMCwidXBkYXRlIjo5MDAwMDAwMDAwMDB9fQ==",
          "dependencies": [
            "scaleway_vpc_private_network.main"
          ]
        }
      ]
    },
    {
      "mode": "managed",
      "type": "scaleway_k8s_pool",
      "name": "default",
      "provider": "provider[\"registry.opentofu.org/scaleway/scaleway\"]",
      "instances": [
        {
          "schema_version": 0,
          "attributes": {
            "autohealing": true,
            "autoscaling": true,
            "cluster_id": "fr-par/bc3745f8-4fe3-4883-af9d-3095d1a6939a",
            "container_runtime": "containerd",
            "created_at": "2026-05-22T12:31:36Z",
            "current_size": 1,
            "id": "fr-par/f3f6589e-dc24-48fb-bed7-825a0eccb623",
            "kubelet_args": {},
            "max_size": 1,
            "min_size": 0,
            "name": "default",
            "node_type": "dev1_m",
            "nodes": [
              {
                "id": "7a8f654a-d024-4562-9c4a-f3c59dfeef6f",
                "name": "scw-hierphant-test-cluster-default-7a8f654ad02",
                "private_ips": [
                  {
                    "address": "fd44:ac7b:8880:5aa9:18ac:24ed:293e:8655",
                    "id": "fr-par/d4dc514d-1e7f-446b-8241-da3953cdbb1f"
                  },
                  {
                    "address": "172.16.4.3",
                    "id": "fr-par/07615881-4f84-42e8-9530-05675aa5a36b"
                  }
                ],
                "public_ip": "51.15.248.168",
                "public_ip_v6": "",
                "status": "ready"
              }
            ],
            "placement_group_id": null,
            "public_ip_disabled": false,
            "region": "fr-par",
            "root_volume_size_in_gb": 40,
            "root_volume_type": "l_ssd",
            "security_group_id": "25a27514-3359-43eb-80a7-a98a11c1388f",
            "size": 1,
            "status": "ready",
            "tags": [],
            "timeouts": null,
            "updated_at": "2026-05-22T12:40:43Z",
            "upgrade_policy": [
              {
                "max_surge": 0,
                "max_unavailable": 1
              }
            ],
            "version": "1.32.3",
            "wait_for_pool_ready": true,
            "zone": "fr-par-1"
          },
          "sensitive_attributes": [],
          "private": "eyJlMmJmYjczMC1lY2FhLTExZTYtOGY4OC0zNDM2M2JjN2M0YzAiOnsiY3JlYXRlIjoxODAwMDAwMDAwMDAwLCJkZWZhdWx0IjoxODAwMDAwMDAwMDAwLCJkZWxldGUiOjE4MDAwMDAwMDAwMDAsInJlYWQiOjE4MDAwMDAwMDAwMDAsInVwZGF0ZSI6MTgwMDAwMDAwMDAwMH19",
          "dependencies": [
            "scaleway_k8s_cluster.main",
            "scaleway_vpc_private_network.main"
          ]
        }
      ]
    },
    {
      "mode": "managed",
      "type": "scaleway_vpc_private_network",
      "name": "main",
      "provider": "provider[\"registry.opentofu.org/scaleway/scaleway\"]",
      "instances": [
        {
          "schema_version": 1,
          "attributes": {
            "created_at": "2026-05-22T12:31:30Z",
            "enable_default_route_propagation": false,
            "id": "fr-par/331fbe7f-fd01-4ee2-b5ec-220f7824d0d7",
            "ipv4_subnet": [
              {
                "address": "172.16.4.0",
                "created_at": "2026-05-22T12:31:30Z",
                "id": "ef5042fb-aaf4-404c-a923-c46b4101ee27",
                "prefix_length": 22,
                "subnet": "172.16.4.0/22",
                "subnet_mask": "255.255.252.0",
                "updated_at": "2026-05-22T12:31:30Z"
              }
            ],
            "ipv6_subnets": [
              {
                "address": "fd44:ac7b:8880:5aa9::",
                "created_at": "2026-05-22T12:31:30Z",
                "id": "68924b71-a345-47bc-8437-02781d04c708",
                "prefix_length": 64,
                "subnet": "fd44:ac7b:8880:5aa9::/64",
                "subnet_mask": "255.255.255.255.255.255.255.255.0.0.0.0.0.0.0.0",
                "updated_at": "2026-05-22T12:31:30Z"
              }
            ],
            "is_regional": true,
            "name": "hierphant-test-private-network",
            "organization_id": "e35cae8d-347b-4cf4-9fca-b69290fabfd4",
            "project_id": "e35cae8d-347b-4cf4-9fca-b69290fabfd4",
            "region": "fr-par",
            "tags": [],
            "updated_at": "2026-05-22T12:31:30Z",
            "vpc_id": "fr-par/7430d4ca-9cef-47a5-85d9-f1bbaf77cc37",
            "zone": "fr-par-1"
          },
          "sensitive_attributes": [],
          "private": "eyJzY2hlbWFfdmVyc2lvbiI6IjEifQ==",
          "identity": {
            "id": "331fbe7f-fd01-4ee2-b5ec-220f7824d0d7",
            "region": "fr-par"
          },
          "identity_schema_version": 0
        }
      ]
    }
  ],
  "check_results": null
}

